
Microsoft Visual Studio Solution File, Format Version 12.00
# Visual Studio Version 16
VisualStudioVersion = 16.0.30717.126
MinimumVisualStudioVersion = 10.0.40219.1
Project("{FAE04EC0-301F-11D3-BF4B-00C04F79EFBC}") = "WeatherApp.Android", "WeatherApp.Android\WeatherApp.Android.csproj", "{D041498B-C3FC-446C-A7AC-F784B9A75D8F}"
EndProject
Project("{FAE04EC0-301F-11D3-BF4B-00C04F79EFBC}") = "WeatherApp.iOS", "WeatherApp.iOS\WeatherApp.iOS.csproj", "{ACDFB01B-487A-4C89-B4D5-CE82B18BDD42}"
EndProject
Project("{FAE04EC0-301F-11D3-BF4B-00C04F79EFBC}") = "WeatherApp", "WeatherApp\WeatherApp.csproj", "{6398B298-D923-4011-860D-DF89151DCB62}"
EndProject
Global
	GlobalSection(SolutionConfigurationPlatforms) = preSolution
		Debug|Any CPU = Debug|Any CPU
		Debug|iPhone = Debug|iPhone
		Debug|iPhoneSimulator = Debug|iPhoneSimulator
		Release|Any CPU = Release|Any CPU
		Release|iPhone = Release|iPhone
		Release|iPhoneSimulator = Release|iPhoneSimulator
	EndGlobalSection
	GlobalSection(ProjectConfigurationPlatforms) = postSolution
		{D041498B-C3FC-446C-A7AC-F784B9A75D8F}.Debug|Any CPU.ActiveCfg = Debug|Any CPU
		{D041498B-C3FC-446C-A7AC-F784B9A75D8F}.Debug|Any CPU.Build.0 = Debug|Any CPU
		{D041498B-C3FC-446C-A7AC-F784B9A75D8F}.Debug|Any CPU.Deploy.0 = Debug|Any CPU
		{D041498B-C3FC-446C-A7AC-F784B9A75D8F}.Debug|iPhone.ActiveCfg = Debug|Any CPU
		{D041498B-C3FC-446C-A7AC-F784B9A75D8F}.Debug|iPhone.Build.0 = Debug|Any CPU
		{D041498B-C3FC-446C-A7AC-F784B9A75D8F}.Debug|iPhone.Deploy.0 = Debug|Any CPU
		{D041498B-C3FC-446C-A7AC-F784B9A75D8F}.Debug|iPhoneSimulator.ActiveCfg = Debug|Any CPU
		{D041498B-C3FC-446C-A7AC-F784B9A75D8F}.Debug|iPhoneSimulator.Build.0 = Debug|Any CPU
		{D041498B-C3FC-446C-A7AC-F784B9A75D8F}.Debug|iPhoneSimulator.Deploy.0 = Debug|Any CPU
		{D041498B-C3FC-446C-A7AC-F784B9A75D8F}.Release|Any CPU.ActiveCfg = Release|Any CPU
		{D041498B-C3FC-446C-A7AC-F784B9A75D8F}.Release|Any CPU.Build.0 = Release|Any CPU
		{D041498B-C3FC-446C-A7AC-F784B9A75D8F}.Release|Any CPU.Deploy.0 = Release|Any CPU
		{D041498B-C3FC-446C-A7AC-F784B9A75D8F}.Release|iPhone.ActiveCfg = Release|Any CPU
		{D041498B-C3FC-446C-A7AC-F784B9A75D8F}.Release|iPhone.Build.0 = Release|Any CPU
		{D041498B-C3FC-446C-A7AC-F784B9A75D8F}.Release|iPhone.Deploy.0 = Release|Any CPU
		{D041498B-C3FC-446C-A7AC-F784B9A75D8F}.Release|iPhoneSimulator.ActiveCfg = Release|Any CPU
		{D041498B-C3FC-446C-A7AC-F784B9A75D8F}.Release|iPhoneSimulator.Build.0 = Release|Any CPU
		{D041498B-C3FC-446C-A7AC-F784B9A75D8F}.Release|iPhoneSimulator.Deploy.0 = Release|Any CPU
		{ACDFB01B-487A-4C89-B4D5-CE82B18BDD42}.Debug|Any CPU.ActiveCfg = Debug|iPhone
		{ACDFB01B-487A-4C89-B4D5-CE82B18BDD42}.Debug|Any CPU.Build.0 = Debug|iPhone
		{ACDFB01B-487A-4C89-B4D5-CE82B18BDD42}.Debug|Any CPU.Deploy.0 = Debug|iPhone
		{ACDFB01B-487A-4C89-B4D5-CE82B18BDD42}.Debug|iPhone.ActiveCfg = Debug|iPhone
		{ACDFB01B-487A-4C89-B4D5-CE82B18BDD42}.Debug|iPhone.Build.0 = Debug|iPhone
		{ACDFB01B-487A-4C89-B4D5-CE82B18BDD42}.Debug|iPhone.Deploy.0 = Debug|iPhone
		{ACDFB01B-487A-4C89-B4D5-CE82B18BDD42}.Debug|iPhoneSimulator.ActiveCfg = Debug|iPhoneSimulator
		{ACDFB01B-487A-4C89-B4D5-CE82B18BDD42}.Debug|iPhoneSimulator.Build.0 = Debug|iPhoneSimulator
		{ACDFB01B-487A-4C89-B4D5-CE82B18BDD42}.Debug|iPhoneSimulator.Deploy.0 = Debug|iPhoneSimulator
		{ACDFB01B-487A-4C89-B4D5-CE82B18BDD42}.Release|Any CPU.ActiveCfg = Release|iPhoneSimulator
		{ACDFB01B-487A-4C89-B4D5-CE82B18BDD42}.Release|Any CPU.Build.0 = Release|iPhoneSimulator
		{ACDFB01B-487A-4C89-B4D5-CE82B18BDD42}.Release|Any CPU.Deploy.0 = Release|iPhoneSimulator
		{ACDFB01B-487A-4C89-B4D5-CE82B18BDD42}.Release|iPhone.ActiveCfg = Release|iPhone
		{ACDFB01B-487A-4C89-B4D5-CE82B18BDD42}.Release|iPhone.Build.0 = Release|iPhone
		{ACDFB01B-487A-4C89-B4D5-CE82B18BDD42}.Release|iPhone.Deploy.0 = Release|iPhone
		{ACDFB01B-487A-4C89-B4D5-CE82B18BDD42}.Release|iPhoneSimulator.ActiveCfg = Release|iPhoneSimulator
		{ACDFB01B-487A-4C89-B4D5-CE82B18BDD42}.Release|iPhoneSimulator.Build.0 = Release|iPhoneSimulator
		{ACDFB01B-487A-4C89-B4D5-CE82B18BDD42}.Release|iPhoneSimulator.Deploy.0 = Release|iPhoneSimulator
		{6398B298-D923-4011-860D-DF89151DCB62}.Debug|Any CPU.ActiveCfg = Debug|Any CPU
		{6398B298-D923-4011-860D-DF89151DCB62}.Debug|Any CPU.Build.0 = Debug|Any CPU
		{6398B298-D923-4011-860D-DF89151DCB62}.Debug|Any CPU.Deploy.0 = Debug|Any CPU
		{6398B298-D923-4011-860D-DF89151DCB62}.Debug|iPhone.ActiveCfg = Debug|Any CPU
		{6398B298-D923-4011-860D-DF89151DCB62}.Debug|iPhone.Build.0 = Debug|Any CPU
		{6398B298-D923-4011-860D-DF89151DCB62}.Debug|iPhone.Deploy.0 = Debug|Any CPU
		{6398B298-D923-4011-860D-DF89151DCB62}.Debug|iPhoneSimulator.ActiveCfg = Debug|Any CPU
		{6398B298-D923-4011-860D-DF89151DCB62}.Debug|iPhoneSimulator.Build.0 = Debug|Any CPU
		{6398B298-D923-4011-860D-DF89151DCB62}.Debug|iPhoneSimulator.Deploy.0 = Debug|Any CPU
		{6398B298-D923-4011-860D-DF89151DCB62}.Release|Any CPU.ActiveCfg = Release|Any CPU
		{6398B298-D923-4011-860D-DF89151DCB62}.Release|Any CPU.Build.0 = Release|Any CPU
		{6398B298-D923-4011-860D-DF89151DCB62}.Release|Any CPU.Deploy.0 = Release|Any CPU
		{6398B298-D923-4011-860D-DF89151DCB62}.Release|iPhone.ActiveCfg = Release|Any CPU
		{6398B298-D923-4011-860D-DF89151DCB62}.Release|iPhone.Build.0 = Release|Any CPU
		{6398B298-D923-4011-860D-DF89151DCB62}.Release|iPhone.Deploy.0 = Release|Any CPU
		{6398B298-D923-4011-860D-DF89151DCB62}.Release|iPhoneSimulator.ActiveCfg = Release|Any CPU
		{6398B298-D923-4011-860D-DF89151DCB62}.Release|iPhoneSimulator.Build.0 = Release|Any CPU
		{6398B298-D923-4011-860D-DF89151DCB62}.Release|iPhoneSimulator.Deploy.0 = Release|Any CPU
	EndGlobalSection
	GlobalSection(SolutionProperties) = preSolution
		HideSolutionNode = FALSE
	EndGlobalSection
	GlobalSection(ExtensibilityGlobals) = postSolution
		SolutionGuid = {392EC501-52D0-436A-B0E0-2946C149886C}
	EndGlobalSection
EndGlobal
